
Microsoft Visual Studio Solution File, Format Version 12.00
# Visual Studio Version 17
VisualStudioVersion = 17.2.32505.173
MinimumVisualStudioVersion = 10.0.40219.1
Project("{9A19103F-16F7-4668-BE54-9A1E7A4F7556}") = "InnoTech_Blazor_Training.Server", "InnoTech_Blazor_Training\Server\InnoTech_Blazor_Training.Server.csproj", "{74266895-7A84-4B04-BBC5-D5210BE6DD2C}"
EndProject
Project("{9A19103F-16F7-4668-BE54-9A1E7A4F7556}") = "InnoTech_Blazor_Training.Client", "InnoTech_Blazor_Training\Client\InnoTech_Blazor_Training.Client.csproj", "{8AB77621-9E75-4655-845F-F03AE5B643C4}"
EndProject
Project("{9A19103F-16F7-4668-BE54-9A1E7A4F7556}") = "InnoTech_Blazor_Training.Shared", "InnoTech_Blazor_Training\Shared\InnoTech_Blazor_Training.Shared.csproj", "{256F0E9B-B54B-48FF-8BB0-6B2FA684CF02}"
EndProject
Global
	GlobalSection(SolutionConfigurationPlatforms) = preSolution
		Debug|Any CPU = Debug|Any CPU
		Release|Any CPU = Release|Any CPU
	EndGlobalSection
	GlobalSection(ProjectConfigurationPlatforms) = postSolution
		{74266895-7A84-4B04-BBC5-D5210BE6DD2C}.Debug|Any CPU.ActiveCfg = Debug|Any CPU
		{74266895-7A84-4B04-BBC5-D5210BE6DD2C}.Debug|Any CPU.Build.0 = Debug|Any CPU
		{74266895-7A84-4B04-BBC5-D5210BE6DD2C}.Release|Any CPU.ActiveCfg = Release|Any CPU
		{74266895-7A84-4B04-BBC5-D5210BE6DD2C}.Release|Any CPU.Build.0 = Release|Any CPU
		{8AB77621-9E75-4655-845F-F03AE5B643C4}.Debug|Any CPU.ActiveCfg = Debug|Any CPU
		{8AB77621-9E75-4655-845F-F03AE5B643C4}.Debug|Any CPU.Build.0 = Debug|Any CPU
		{8AB77621-9E75-4655-845F-F03AE5B643C4}.Release|Any CPU.ActiveCfg = Release|Any CPU
		{8AB77621-9E75-4655-845F-F03AE5B643C4}.Release|Any CPU.Build.0 = Release|Any CPU
		{256F0E9B-B54B-48FF-8BB0-6B2FA684CF02}.Debug|Any CPU.ActiveCfg = Debug|Any CPU
		{256F0E9B-B54B-48FF-8BB0-6B2FA684CF02}.Debug|Any CPU.Build.0 = Debug|Any CPU
		{256F0E9B-B54B-48FF-8BB0-6B2FA684CF02}.Release|Any CPU.ActiveCfg = Release|Any CPU
		{256F0E9B-B54B-48FF-8BB0-6B2FA684CF02}.Release|Any CPU.Build.0 = Release|Any CPU
	EndGlobalSection
	GlobalSection(SolutionProperties) = preSolution
		HideSolutionNode = FALSE
	EndGlobalSection
	GlobalSection(ExtensibilityGlobals) = postSolution
		SolutionGuid = {591020BD-20F5-4903-A8DE-C2D774295EF2}
	EndGlobalSection
EndGlobal
